
Microsoft Visual Studio Solution File, Format Version 12.00
# Visual Studio Version 17
VisualStudioVersion = 17.9.34728.123
MinimumVisualStudioVersion = 10.0.40219.1
Project("{FAE04EC0-301F-11D3-BF4B-00C04F79EFBC}") = "Practice_Excel", "Practice_Excel\Practice_Excel.csproj", "{ED418917-3258-4921-B473-6569F089FC9A}"
EndProject
Global
	GlobalSection(SolutionConfigurationPlatforms) = preSolution
		Debug|Any CPU = Debug|Any CPU
		Release|Any CPU = Release|Any CPU
	EndGlobalSection
	GlobalSection(ProjectConfigurationPlatforms) = postSolution
		{ED418917-3258-4921-B473-6569F089FC9A}.Debug|Any CPU.ActiveCfg = Debug|Any CPU
		{ED418917-3258-4921-B473-6569F089FC9A}.Debug|Any CPU.Build.0 = Debug|Any CPU
		{ED418917-3258-4921-B473-6569F089FC9A}.Release|Any CPU.ActiveCfg = Release|Any CPU
		{ED418917-3258-4921-B473-6569F089FC9A}.Release|Any CPU.Build.0 = Release|Any CPU
	EndGlobalSection
	GlobalSection(SolutionProperties) = preSolution
		HideSolutionNode = FALSE
	EndGlobalSection
	GlobalSection(ExtensibilityGlobals) = postSolution
		SolutionGuid = {F1D6563B-7005-435F-BA11-D06FA2E24F79}
	EndGlobalSection
EndGlobal
